
Microsoft Visual Studio Solution File, Format Version 12.00
# Visual Studio 15
Project("{FAE04EC0-301F-11D3-BF4B-00C04F79EFBC}") = "Assembly-CSharp-firstpass", "Assembly-CSharp-firstpass.csproj", "{FFFEE52A-15FA-618F-1C4C-9869297CE45D}"
EndProject
Project("{FAE04EC0-301F-11D3-BF4B-00C04F79EFBC}") = "Assembly-CSharp", "Assembly-CSharp.csproj", "{26463AE4-9A91-415D-0E55-69E0C7B811C7}"
EndProject
Project("{FAE04EC0-301F-11D3-BF4B-00C04F79EFBC}") = "Assembly-CSharp-Editor-firstpass", "Assembly-CSharp-Editor-firstpass.csproj", "{B177C6C9-2DE4-0991-76CC-F3346561A630}"
EndProject
Global
	GlobalSection(SolutionConfigurationPlatforms) = preSolution
		Debug|Any CPU = Debug|Any CPU
		Release|Any CPU = Release|Any CPU
	EndGlobalSection
	GlobalSection(ProjectConfigurationPlatforms) = postSolution
		{FFFEE52A-15FA-618F-1C4C-9869297CE45D}.Debug|Any CPU.ActiveCfg = Debug|Any CPU
		{FFFEE52A-15FA-618F-1C4C-9869297CE45D}.Debug|Any CPU.Build.0 = Debug|Any CPU
		{FFFEE52A-15FA-618F-1C4C-9869297CE45D}.Release|Any CPU.ActiveCfg = Release|Any CPU
		{FFFEE52A-15FA-618F-1C4C-9869297CE45D}.Release|Any CPU.Build.0 = Release|Any CPU
		{26463AE4-9A91-415D-0E55-69E0C7B811C7}.Debug|Any CPU.ActiveCfg = Debug|Any CPU
		{26463AE4-9A91-415D-0E55-69E0C7B811C7}.Debug|Any CPU.Build.0 = Debug|Any CPU
		{26463AE4-9A91-415D-0E55-69E0C7B811C7}.Release|Any CPU.ActiveCfg = Release|Any CPU
		{26463AE4-9A91-415D-0E55-69E0C7B811C7}.Release|Any CPU.Build.0 = Release|Any CPU
		{B177C6C9-2DE4-0991-76CC-F3346561A630}.Debug|Any CPU.ActiveCfg = Debug|Any CPU
		{B177C6C9-2DE4-0991-76CC-F3346561A630}.Debug|Any CPU.Build.0 = Debug|Any CPU
		{B177C6C9-2DE4-0991-76CC-F3346561A630}.Release|Any CPU.ActiveCfg = Release|Any CPU
		{B177C6C9-2DE4-0991-76CC-F3346561A630}.Release|Any CPU.Build.0 = Release|Any CPU
	EndGlobalSection
	GlobalSection(SolutionProperties) = preSolution
		HideSolutionNode = FALSE
	EndGlobalSection
EndGlobal
